# THIS IS AN AUTOGENERATED FILE. DO NOT EDIT THIS FILE DIRECTLY.
# yarn lockfile v1

dotenv@^16.4.5:
  version "16.4.5"
  resolved "https://registry.yarnpkg.com/dotenv/-/dotenv-16.4.5.tgz#e6d1d92a3b2c80f41c49c4c6c4b3f1dd7bdecd19"
  integrity sha512-CRFduP3FxYwkD+kf/+olEWRlfrq7CDObVcHhYy1TIuIwRjqdm7GpjYCrJuZzAI/vW3euU9daXE3x6jNQe8UehQ==

express@^4.19.2:
  version "4.19.2"
  resolved "https://registry.yarnpkg.com/express/-/express-4.19.2.tgz#8320dce7022b45f73c07990f8a0547e3b7f76ec2"
  integrity sha512-F2D4EGTPeAxK4+K/8C69EbVhqW9mfSD4Pqv4FVsXv4mZjtqKeH/pCpN3T0t3/cHBxIt2eRHMyiFYdv6DrcA0BQ==

joi@^17.13.1:
  version "17.13.1"
  resolved "https://registry.yarnpkg.com/joi/-/joi-17.13.1.tgz#55b95c64d02d5aa8d63b6a33e021dc65bb036026"
  integrity sha512-c+ftXea/tOANFr4wpqxe9cku44wJ+2ykBVg+FvnklPpX/5b3TU0hfYdqAjFmbYU6Pk/CRj2QlF/TvYcBlkE+7Q==

mongoose@^8.3.4:
  version "8.3.4"
  resolved "https://registry.yarnpkg.com/mongoose/-/mongoose-8.3.4.tgz#e64a414aa1e128e85c84aa6b5a2cb785b5a7ecfb"
  integrity sha512-lqU0Y/kJ33ctOXbFq6LU4fWcE+ysmi/dBgD2oM6WSvZFPy3bz+XV+ITxzJJv9Eq/nU0b39hDvxFdpqI5KRC5iA==

nodemon@^3.1.0:
  version "3.1.0"
  resolved "https://registry.yarnpkg.com/nodemon/-/nodemon-3.1.0.tgz#e0b1d062c5a9c4e8c08ed6cf441f5d3d784c5888"
  integrity sha512-ta5vE78XNWCAdQW1zxy6YFN+YNZXn0Fu8wva7f2MvkG9Eee70PyddKdUtMb1zs+0RgYlp22al1j5ovQT5pBwtA==

prettier@^3.2.5:
  version "3.2.5"
  resolved "https://registry.yarnpkg.com/prettier/-/prettier-3.2.5.tgz#a4e2517e59fd434d16163108f328d2da27f96bd7"
  integrity sha512-vbDnU8pD0QtrOtMtrG+Y92mj4g3PdwQ7JyP3WvZp3e5/xPqC5C8r0ctjEUWBl7RrU0wngm4gE1ijTrt9gCjwcg==
